
Microsoft Visual Studio Solution File, Format Version 12.00
# Visual Studio Version 17
VisualStudioVersion = 17.8.34525.116
MinimumVisualStudioVersion = 10.0.40219.1
Project("{FAE04EC0-301F-11D3-BF4B-00C04F79EFBC}") = "CalculatorApp", "CalculatorApp\CalculatorApp.csproj", "{E315EA79-ABCE-4BCC-A3A4-C615B4A1472F}"
EndProject
Global
	GlobalSection(SolutionConfigurationPlatforms) = preSolution
		Debug|Any CPU = Debug|Any CPU
		Release|Any CPU = Release|Any CPU
	EndGlobalSection
	GlobalSection(ProjectConfigurationPlatforms) = postSolution
		{E315EA79-ABCE-4BCC-A3A4-C615B4A1472F}.Debug|Any CPU.ActiveCfg = Debug|Any CPU
		{E315EA79-ABCE-4BCC-A3A4-C615B4A1472F}.Debug|Any CPU.Build.0 = Debug|Any CPU
		{E315EA79-ABCE-4BCC-A3A4-C615B4A1472F}.Release|Any CPU.ActiveCfg = Release|Any CPU
		{E315EA79-ABCE-4BCC-A3A4-C615B4A1472F}.Release|Any CPU.Build.0 = Release|Any CPU
	EndGlobalSection
	GlobalSection(SolutionProperties) = preSolution
		HideSolutionNode = FALSE
	EndGlobalSection
	GlobalSection(ExtensibilityGlobals) = postSolution
		SolutionGuid = {7152D04B-7024-4619-B927-B0B3C5363F38}
	EndGlobalSection
EndGlobal
